
Microsoft Visual Studio Solution File, Format Version 12.00
# Visual Studio Version 16
VisualStudioVersion = 16.0.30611.23
MinimumVisualStudioVersion = 10.0.40219.1
Project("{8BC9CEB8-8B4A-11D0-8D11-00A0C91BC942}") = "przyklady", "przyklady.vcxproj", "{FB24E099-3D12-4CFC-87E3-B5D235CB97F9}"
EndProject
Global
	GlobalSection(SolutionConfigurationPlatforms) = preSolution
		Debug|x64 = Debug|x64
		Debug|x86 = Debug|x86
		Release|x64 = Release|x64
		Release|x86 = Release|x86
	EndGlobalSection
	GlobalSection(ProjectConfigurationPlatforms) = postSolution
		{FB24E099-3D12-4CFC-87E3-B5D235CB97F9}.Debug|x64.ActiveCfg = Debug|x64
		{FB24E099-3D12-4CFC-87E3-B5D235CB97F9}.Debug|x64.Build.0 = Debug|x64
		{FB24E099-3D12-4CFC-87E3-B5D235CB97F9}.Debug|x86.ActiveCfg = Debug|Win32
		{FB24E099-3D12-4CFC-87E3-B5D235CB97F9}.Debug|x86.Build.0 = Debug|Win32
		{FB24E099-3D12-4CFC-87E3-B5D235CB97F9}.Release|x64.ActiveCfg = Release|x64
		{FB24E099-3D12-4CFC-87E3-B5D235CB97F9}.Release|x64.Build.0 = Release|x64
		{FB24E099-3D12-4CFC-87E3-B5D235CB97F9}.Release|x86.ActiveCfg = Release|Win32
		{FB24E099-3D12-4CFC-87E3-B5D235CB97F9}.Release|x86.Build.0 = Release|Win32
	EndGlobalSection
	GlobalSection(SolutionProperties) = preSolution
		HideSolutionNode = FALSE
	EndGlobalSection
	GlobalSection(ExtensibilityGlobals) = postSolution
		SolutionGuid = {9DB36F87-B423-487E-8952-1F63A884B161}
	EndGlobalSection
EndGlobal
